
Microsoft Visual Studio Solution File, Format Version 12.00
# Visual Studio Version 16
VisualStudioVersion = 16.0.31321.278
MinimumVisualStudioVersion = 10.0.40219.1
Project("{FAE04EC0-301F-11D3-BF4B-00C04F79EFBC}") = "TDDPersoonLibrary", "TDDPersoonLibrary\TDDPersoonLibrary.csproj", "{DAE324D6-49D8-40B4-A033-DDA45EDABA8A}"
EndProject
Global
	GlobalSection(SolutionConfigurationPlatforms) = preSolution
		Debug|Any CPU = Debug|Any CPU
		Release|Any CPU = Release|Any CPU
	EndGlobalSection
	GlobalSection(ProjectConfigurationPlatforms) = postSolution
		{DAE324D6-49D8-40B4-A033-DDA45EDABA8A}.Debug|Any CPU.ActiveCfg = Debug|Any CPU
		{DAE324D6-49D8-40B4-A033-DDA45EDABA8A}.Debug|Any CPU.Build.0 = Debug|Any CPU
		{DAE324D6-49D8-40B4-A033-DDA45EDABA8A}.Release|Any CPU.ActiveCfg = Release|Any CPU
		{DAE324D6-49D8-40B4-A033-DDA45EDABA8A}.Release|Any CPU.Build.0 = Release|Any CPU
	EndGlobalSection
	GlobalSection(SolutionProperties) = preSolution
		HideSolutionNode = FALSE
	EndGlobalSection
	GlobalSection(ExtensibilityGlobals) = postSolution
		SolutionGuid = {C0C14584-8051-4A53-B88D-618A76554A59}
	EndGlobalSection
EndGlobal
